
Microsoft Visual Studio Solution File, Format Version 12.00
# Visual Studio Version 17
VisualStudioVersion = 17.8.34330.188
MinimumVisualStudioVersion = 10.0.40219.1
Project("{FAE04EC0-301F-11D3-BF4B-00C04F79EFBC}") = "SOL_JHEISSON_VILLAFUERTE", "SOL_JHEISSON_VILLAFUERTE\SOL_JHEISSON_VILLAFUERTE.csproj", "{CAF5A6EE-156E-4C2D-AC36-61D25789551C}"
EndProject
Global
	GlobalSection(SolutionConfigurationPlatforms) = preSolution
		Debug|Any CPU = Debug|Any CPU
		Release|Any CPU = Release|Any CPU
	EndGlobalSection
	GlobalSection(ProjectConfigurationPlatforms) = postSolution
		{CAF5A6EE-156E-4C2D-AC36-61D25789551C}.Debug|Any CPU.ActiveCfg = Debug|Any CPU
		{CAF5A6EE-156E-4C2D-AC36-61D25789551C}.Debug|Any CPU.Build.0 = Debug|Any CPU
		{CAF5A6EE-156E-4C2D-AC36-61D25789551C}.Release|Any CPU.ActiveCfg = Release|Any CPU
		{CAF5A6EE-156E-4C2D-AC36-61D25789551C}.Release|Any CPU.Build.0 = Release|Any CPU
	EndGlobalSection
	GlobalSection(SolutionProperties) = preSolution
		HideSolutionNode = FALSE
	EndGlobalSection
	GlobalSection(ExtensibilityGlobals) = postSolution
		SolutionGuid = {97E81C04-D810-4996-B93A-E7A1E9335428}
	EndGlobalSection
EndGlobal
